
Microsoft Visual Studio Solution File, Format Version 12.00
# Visual Studio Version 16
VisualStudioVersion = 16.0.31424.327
MinimumVisualStudioVersion = 10.0.40219.1
Project("{FAE04EC0-301F-11D3-BF4B-00C04F79EFBC}") = "DirectList (Backend-Project)", "DirectList (Backend-Project)\DirectList (Backend-Project).csproj", "{03C34647-8C41-4E87-81A1-A683FB3897CC}"
EndProject
Global
	GlobalSection(SolutionConfigurationPlatforms) = preSolution
		Debug|Any CPU = Debug|Any CPU
		Release|Any CPU = Release|Any CPU
	EndGlobalSection
	GlobalSection(ProjectConfigurationPlatforms) = postSolution
		{03C34647-8C41-4E87-81A1-A683FB3897CC}.Debug|Any CPU.ActiveCfg = Debug|Any CPU
		{03C34647-8C41-4E87-81A1-A683FB3897CC}.Debug|Any CPU.Build.0 = Debug|Any CPU
		{03C34647-8C41-4E87-81A1-A683FB3897CC}.Release|Any CPU.ActiveCfg = Release|Any CPU
		{03C34647-8C41-4E87-81A1-A683FB3897CC}.Release|Any CPU.Build.0 = Release|Any CPU
	EndGlobalSection
	GlobalSection(SolutionProperties) = preSolution
		HideSolutionNode = FALSE
	EndGlobalSection
	GlobalSection(ExtensibilityGlobals) = postSolution
		SolutionGuid = {BE03EEA7-5A81-48C0-99E0-E244F590BA23}
	EndGlobalSection
EndGlobal
